{
  "version": 4,
  "terraform_version": "1.1.0",
  "serial": 4,
  "lineage": "1b1b57c0-0b30-56f9-9af0-319410a97593",
  "outputs": {},
  "resources": [
    {
      "mode": "managed",
      "type": "aws_vpc",
      "name": "main",
      "provider": "provider[\"registry.terraform.io/hashicorp/aws\"]",
      "instances": [
        {
          "schema_version": 1,
          "attributes": {
            "arn": "arn:aws:ec2:us-east-1:965259726636:vpc/vpc-021bb94e67c9fc14e",
            "assign_generated_ipv6_cidr_block": false,
            "cidr_block": "10.0.0.0/16",
            "default_network_acl_id": "acl-07ee87bf4a3809bfc",
            "default_route_table_id": "rtb-03b03d593d1eaf6e5",
            "default_security_group_id": "sg-0edb9e3357eccd5a4",
            "dhcp_options_id": "dopt-0e9983a80770d79fb",
            "enable_classiclink": false,
            "enable_classiclink_dns_support": false,
            "enable_dns_hostnames": false,
            "enable_dns_support": true,
            "id": "vpc-021bb94e67c9fc14e",
            "instance_tenancy": "default",
            "ipv4_ipam_pool_id": null,
            "ipv4_netmask_length": null,
            "ipv6_association_id": "",
            "ipv6_cidr_block": "",
            "ipv6_ipam_pool_id": null,
            "ipv6_netmask_length": null,
            "main_route_table_id": "rtb-03b03d593d1eaf6e5",
            "owner_id": "965259726636",
            "tags": {
              "name": "vpc"
            },
            "tags_all": {
              "name": "vpc"
            }
          },
          "sensitive_attributes": [],
          "private": "eyJzY2hlbWFfdmVyc2lvbiI6IjEifQ=="
        }
      ]
    }
  ]
}
